
Microsoft Visual Studio Solution File, Format Version 12.00
Project("{FAE04EC0-301F-11D3-BF4B-00C04F79EFBC}") = "AutoPetter", "AutoPetter\AutoPetter.csproj", "{906EB977-AB7D-4CA0-B726-5689B85DC952}"
EndProject
Project("{FAE04EC0-301F-11D3-BF4B-00C04F79EFBC}") = "CustomRecipes", "CustomRecipes\CustomRecipes.csproj", "{768A48AE-7DD2-40D6-B65A-2D29D3E66E9C}"
EndProject
Global
	GlobalSection(SolutionConfigurationPlatforms) = preSolution
		Debug|Any CPU = Debug|Any CPU
		Release|Any CPU = Release|Any CPU
	EndGlobalSection
	GlobalSection(ProjectConfigurationPlatforms) = postSolution
		{906EB977-AB7D-4CA0-B726-5689B85DC952}.Debug|Any CPU.ActiveCfg = Debug|Any CPU
		{906EB977-AB7D-4CA0-B726-5689B85DC952}.Debug|Any CPU.Build.0 = Debug|Any CPU
		{906EB977-AB7D-4CA0-B726-5689B85DC952}.Release|Any CPU.ActiveCfg = Release|Any CPU
		{906EB977-AB7D-4CA0-B726-5689B85DC952}.Release|Any CPU.Build.0 = Release|Any CPU
		{768A48AE-7DD2-40D6-B65A-2D29D3E66E9C}.Debug|Any CPU.ActiveCfg = Debug|Any CPU
		{768A48AE-7DD2-40D6-B65A-2D29D3E66E9C}.Debug|Any CPU.Build.0 = Debug|Any CPU
		{768A48AE-7DD2-40D6-B65A-2D29D3E66E9C}.Release|Any CPU.ActiveCfg = Release|Any CPU
		{768A48AE-7DD2-40D6-B65A-2D29D3E66E9C}.Release|Any CPU.Build.0 = Release|Any CPU
	EndGlobalSection
EndGlobal
